
Microsoft Visual Studio Solution File, Format Version 12.00
# Visual Studio Version 17
VisualStudioVersion = 17.13.35828.75 d17.13
MinimumVisualStudioVersion = 10.0.40219.1
Project("{FAE04EC0-301F-11D3-BF4B-00C04F79EFBC}") = "Teste-Aula1", "Teste-Aula1.csproj", "{A1436EA7-7CEB-4823-901D-803F658F89C9}"
EndProject
Global
	GlobalSection(SolutionConfigurationPlatforms) = preSolution
		Debug|Any CPU = Debug|Any CPU
		Release|Any CPU = Release|Any CPU
	EndGlobalSection
	GlobalSection(ProjectConfigurationPlatforms) = postSolution
		{A1436EA7-7CEB-4823-901D-803F658F89C9}.Debug|Any CPU.ActiveCfg = Debug|Any CPU
		{A1436EA7-7CEB-4823-901D-803F658F89C9}.Debug|Any CPU.Build.0 = Debug|Any CPU
		{A1436EA7-7CEB-4823-901D-803F658F89C9}.Release|Any CPU.ActiveCfg = Release|Any CPU
		{A1436EA7-7CEB-4823-901D-803F658F89C9}.Release|Any CPU.Build.0 = Release|Any CPU
	EndGlobalSection
	GlobalSection(SolutionProperties) = preSolution
		HideSolutionNode = FALSE
	EndGlobalSection
	GlobalSection(ExtensibilityGlobals) = postSolution
		SolutionGuid = {4382A537-F38C-4CA9-84EE-FCBE9FDAEA29}
	EndGlobalSection
EndGlobal
