
Microsoft Visual Studio Solution File, Format Version 12.00
# Visual Studio Version 17
VisualStudioVersion = 17.14.36301.6 d17.14
MinimumVisualStudioVersion = 10.0.40219.1
Project("{FAE04EC0-301F-11D3-BF4B-00C04F79EFBC}") = "Tuples", "Tuples.csproj", "{DDD96FB5-16A1-40AB-BB56-481991E0B394}"
EndProject
Global
	GlobalSection(SolutionConfigurationPlatforms) = preSolution
		Debug|Any CPU = Debug|Any CPU
		Release|Any CPU = Release|Any CPU
	EndGlobalSection
	GlobalSection(ProjectConfigurationPlatforms) = postSolution
		{DDD96FB5-16A1-40AB-BB56-481991E0B394}.Debug|Any CPU.ActiveCfg = Debug|Any CPU
		{DDD96FB5-16A1-40AB-BB56-481991E0B394}.Debug|Any CPU.Build.0 = Debug|Any CPU
		{DDD96FB5-16A1-40AB-BB56-481991E0B394}.Release|Any CPU.ActiveCfg = Release|Any CPU
		{DDD96FB5-16A1-40AB-BB56-481991E0B394}.Release|Any CPU.Build.0 = Release|Any CPU
	EndGlobalSection
	GlobalSection(SolutionProperties) = preSolution
		HideSolutionNode = FALSE
	EndGlobalSection
	GlobalSection(ExtensibilityGlobals) = postSolution
		SolutionGuid = {9BA6B78B-2D05-462D-9EE1-69EBE3FD131F}
	EndGlobalSection
EndGlobal
