
Microsoft Visual Studio Solution File, Format Version 12.00
# Visual Studio Version 17
VisualStudioVersion = 17.14.36301.6 d17.14
MinimumVisualStudioVersion = 10.0.40219.1
Project("{FAE04EC0-301F-11D3-BF4B-00C04F79EFBC}") = "StackOverFlow", "StackOverFlow.csproj", "{620150EC-B5C0-469C-A1C2-1E3989409E84}"
EndProject
Global
	GlobalSection(SolutionConfigurationPlatforms) = preSolution
		Debug|Any CPU = Debug|Any CPU
		Release|Any CPU = Release|Any CPU
	EndGlobalSection
	GlobalSection(ProjectConfigurationPlatforms) = postSolution
		{620150EC-B5C0-469C-A1C2-1E3989409E84}.Debug|Any CPU.ActiveCfg = Debug|Any CPU
		{620150EC-B5C0-469C-A1C2-1E3989409E84}.Debug|Any CPU.Build.0 = Debug|Any CPU
		{620150EC-B5C0-469C-A1C2-1E3989409E84}.Release|Any CPU.ActiveCfg = Release|Any CPU
		{620150EC-B5C0-469C-A1C2-1E3989409E84}.Release|Any CPU.Build.0 = Release|Any CPU
	EndGlobalSection
	GlobalSection(SolutionProperties) = preSolution
		HideSolutionNode = FALSE
	EndGlobalSection
	GlobalSection(ExtensibilityGlobals) = postSolution
		SolutionGuid = {0354B5CB-CFD2-44BC-8424-04CBA95B3954}
	EndGlobalSection
EndGlobal
