
Microsoft Visual Studio Solution File, Format Version 12.00
# Visual Studio Version 17
VisualStudioVersion = 17.13.35828.75 d17.13
MinimumVisualStudioVersion = 10.0.40219.1
Project("{FAE04EC0-301F-11D3-BF4B-00C04F79EFBC}") = "ConsoleApp1", "ConsoleApp1.csproj", "{37C10F7C-AF66-4CF8-8C12-1BD36E88B2FF}"
EndProject
Global
	GlobalSection(SolutionConfigurationPlatforms) = preSolution
		Debug|Any CPU = Debug|Any CPU
		Release|Any CPU = Release|Any CPU
	EndGlobalSection
	GlobalSection(ProjectConfigurationPlatforms) = postSolution
		{37C10F7C-AF66-4CF8-8C12-1BD36E88B2FF}.Debug|Any CPU.ActiveCfg = Debug|Any CPU
		{37C10F7C-AF66-4CF8-8C12-1BD36E88B2FF}.Debug|Any CPU.Build.0 = Debug|Any CPU
		{37C10F7C-AF66-4CF8-8C12-1BD36E88B2FF}.Release|Any CPU.ActiveCfg = Release|Any CPU
		{37C10F7C-AF66-4CF8-8C12-1BD36E88B2FF}.Release|Any CPU.Build.0 = Release|Any CPU
	EndGlobalSection
	GlobalSection(SolutionProperties) = preSolution
		HideSolutionNode = FALSE
	EndGlobalSection
	GlobalSection(ExtensibilityGlobals) = postSolution
		SolutionGuid = {78FD589B-1904-4A49-B0DE-4B75E5B071CD}
	EndGlobalSection
EndGlobal
