
Microsoft Visual Studio Solution File, Format Version 12.00
# Visual Studio Version 17
VisualStudioVersion = 17.14.36301.6 d17.14
MinimumVisualStudioVersion = 10.0.40219.1
Project("{FAE04EC0-301F-11D3-BF4B-00C04F79EFBC}") = "Manticore-Final-Chapter 14-Game", "Manticore-Final-Chapter 14-Game.csproj", "{A012B009-997A-48EB-B9A5-AFDF7920BA55}"
EndProject
Global
	GlobalSection(SolutionConfigurationPlatforms) = preSolution
		Debug|Any CPU = Debug|Any CPU
		Release|Any CPU = Release|Any CPU
	EndGlobalSection
	GlobalSection(ProjectConfigurationPlatforms) = postSolution
		{A012B009-997A-48EB-B9A5-AFDF7920BA55}.Debug|Any CPU.ActiveCfg = Debug|Any CPU
		{A012B009-997A-48EB-B9A5-AFDF7920BA55}.Debug|Any CPU.Build.0 = Debug|Any CPU
		{A012B009-997A-48EB-B9A5-AFDF7920BA55}.Release|Any CPU.ActiveCfg = Release|Any CPU
		{A012B009-997A-48EB-B9A5-AFDF7920BA55}.Release|Any CPU.Build.0 = Release|Any CPU
	EndGlobalSection
	GlobalSection(SolutionProperties) = preSolution
		HideSolutionNode = FALSE
	EndGlobalSection
	GlobalSection(ExtensibilityGlobals) = postSolution
		SolutionGuid = {3D13A9AC-2725-424E-8D39-D4227B0D9822}
	EndGlobalSection
EndGlobal
